
Microsoft Visual Studio Solution File, Format Version 12.00
# Visual Studio Version 17
VisualStudioVersion = 17.14.36414.22 d17.14
MinimumVisualStudioVersion = 10.0.40219.1
Project("{FAE04EC0-301F-11D3-BF4B-00C04F79EFBC}") = "GameDevGame1", "GameDevGame1.csproj", "{99685B07-1630-43C7-B6FA-FB6AAB05C50C}"
EndProject
Global
	GlobalSection(SolutionConfigurationPlatforms) = preSolution
		Debug|Any CPU = Debug|Any CPU
		Release|Any CPU = Release|Any CPU
	EndGlobalSection
	GlobalSection(ProjectConfigurationPlatforms) = postSolution
		{99685B07-1630-43C7-B6FA-FB6AAB05C50C}.Debug|Any CPU.ActiveCfg = Debug|Any CPU
		{99685B07-1630-43C7-B6FA-FB6AAB05C50C}.Debug|Any CPU.Build.0 = Debug|Any CPU
		{99685B07-1630-43C7-B6FA-FB6AAB05C50C}.Release|Any CPU.ActiveCfg = Release|Any CPU
		{99685B07-1630-43C7-B6FA-FB6AAB05C50C}.Release|Any CPU.Build.0 = Release|Any CPU
	EndGlobalSection
	GlobalSection(SolutionProperties) = preSolution
		HideSolutionNode = FALSE
	EndGlobalSection
	GlobalSection(ExtensibilityGlobals) = postSolution
		SolutionGuid = {2EFC5A54-1892-4343-8B0A-81E22D8354D0}
	EndGlobalSection
EndGlobal
